// !$*UTF8*$!
{
	archiveVersion = 1;
	classes = {
	};
	objectVersion = 46;
	objects = {

/* Begin PBXBuildFile section */
		06D8B1111BB8EFE000A42ECC /* Main.storyboard in Resources */ = {isa = PBXBuildFile; fileRef = 06D8B10F1BB8EFE000A42ECC /* Main.storyboard */; };
		06D8B1131BB8F01800A42ECC /* MapController.swift in Sources */ = {isa = PBXBuildFile; fileRef = 06D8B1121BB8F01800A42ECC /* MapController.swift */; };
		06D8B1151BB8F02400A42ECC /* AppointmentController.swift in Sources */ = {isa = PBXBuildFile; fileRef = 06D8B1141BB8F02400A42ECC /* AppointmentController.swift */; };
		31449D721BD56272002D4C20 /* CardView.swift in Sources */ = {isa = PBXBuildFile; fileRef = 31449D711BD56272002D4C20 /* CardView.swift */; };
		31449D741BD5681C002D4C20 /* TodayEventCell.swift in Sources */ = {isa = PBXBuildFile; fileRef = 31449D731BD5681C002D4C20 /* TodayEventCell.swift */; };
		318AECEF1BEAA4C3004F6E38 /* writing.jpg in Resources */ = {isa = PBXBuildFile; fileRef = 318AECEE1BEAA4C3004F6E38 /* writing.jpg */; };
		318AECF11BEAA4C9004F6E38 /* spiritual.jpg in Resources */ = {isa = PBXBuildFile; fileRef = 318AECF01BEAA4C9004F6E38 /* spiritual.jpg */; };
		318AECF31BEAA4D5004F6E38 /* taichi.jpg in Resources */ = {isa = PBXBuildFile; fileRef = 318AECF21BEAA4D5004F6E38 /* taichi.jpg */; };
		318AECF51BEAA51B004F6E38 /* pet_therapy.jpg in Resources */ = {isa = PBXBuildFile; fileRef = 318AECF41BEAA51B004F6E38 /* pet_therapy.jpg */; };
		F11B92AD1BB3652200A37EE6 /* AppDelegate.swift in Sources */ = {isa = PBXBuildFile; fileRef = F11B92AC1BB3652200A37EE6 /* AppDelegate.swift */; };
		F11B92B61BB3652200A37EE6 /* Assets.xcassets in Resources */ = {isa = PBXBuildFile; fileRef = F11B92B51BB3652200A37EE6 /* Assets.xcassets */; };
		F18C34541BF3020700D81897 /* Launch Screen.storyboard in Resources */ = {isa = PBXBuildFile; fileRef = F18C34531BF3020700D81897 /* Launch Screen.storyboard */; };
		F1AF80E61BF2E27B00CDED94 /* blueGradient.jpg in Resources */ = {isa = PBXBuildFile; fileRef = F1AF80E51BF2E27B00CDED94 /* blueGradient.jpg */; };
		F1C0F3461BC1E9B6006A3D23 /* Resources.swift in Sources */ = {isa = PBXBuildFile; fileRef = F1C0F3451BC1E9B6006A3D23 /* Resources.swift */; };
		F1C0F3481BC1F130006A3D23 /* MoreViewController.swift in Sources */ = {isa = PBXBuildFile; fileRef = F1C0F3471BC1F130006A3D23 /* MoreViewController.swift */; };
		F1C0F3581BC20513006A3D23 /* SettingsViewController.swift in Sources */ = {isa = PBXBuildFile; fileRef = F1C0F3571BC20513006A3D23 /* SettingsViewController.swift */; };
		F1C0F35A1BC2053D006A3D23 /* CalendarViewController.swift in Sources */ = {isa = PBXBuildFile; fileRef = F1C0F3591BC2053D006A3D23 /* CalendarViewController.swift */; };
		F1C0F3681BC22B01006A3D23 /* ContactViewController.swift in Sources */ = {isa = PBXBuildFile; fileRef = F1C0F3671BC22B01006A3D23 /* ContactViewController.swift */; };
		F1C0F36A1BC22B42006A3D23 /* TodayViewController.swift in Sources */ = {isa = PBXBuildFile; fileRef = F1C0F3691BC22B42006A3D23 /* TodayViewController.swift */; };
		F1F59D311BF14FC50078CA5C /* RestTableViewController.swift in Sources */ = {isa = PBXBuildFile; fileRef = F1F59D301BF14FC50078CA5C /* RestTableViewController.swift */; };
		F1F59D331BF14FEE0078CA5C /* RestDetailViewController.swift in Sources */ = {isa = PBXBuildFile; fileRef = F1F59D321BF14FEE0078CA5C /* RestDetailViewController.swift */; };
		F1F59D351BF1500F0078CA5C /* RestTableViewCell.swift in Sources */ = {isa = PBXBuildFile; fileRef = F1F59D341BF1500F0078CA5C /* RestTableViewCell.swift */; };
		F1F59D371BF1503D0078CA5C /* EducationTableViewController.swift in Sources */ = {isa = PBXBuildFile; fileRef = F1F59D361BF1503D0078CA5C /* EducationTableViewController.swift */; };
		F1F59D391BF150630078CA5C /* EducationDetailViewController.swift in Sources */ = {isa = PBXBuildFile; fileRef = F1F59D381BF150630078CA5C /* EducationDetailViewController.swift */; };
		F1F59D3B1BF150890078CA5C /* EducationTableViewCell.swift in Sources */ = {isa = PBXBuildFile; fileRef = F1F59D3A1BF150890078CA5C /* EducationTableViewCell.swift */; };
		F1F59D3D1BF150AC0078CA5C /* POITableViewController.swift in Sources */ = {isa = PBXBuildFile; fileRef = F1F59D3C1BF150AC0078CA5C /* POITableViewController.swift */; };
		F1F59D3F1BF150CA0078CA5C /* POIDetailViewController.swift in Sources */ = {isa = PBXBuildFile; fileRef = F1F59D3E1BF150CA0078CA5C /* POIDetailViewController.swift */; };
		F1F59D411BF150E90078CA5C /* POITableViewCell.swift in Sources */ = {isa = PBXBuildFile; fileRef = F1F59D401BF150E90078CA5C /* POITableViewCell.swift */; };
		F1F59D431BF151290078CA5C /* SpecialTableViewController.swift in Sources */ = {isa = PBXBuildFile; fileRef = F1F59D421BF151290078CA5C /* SpecialTableViewController.swift */; };
		F1F59D451BF151490078CA5C /* SpecialDetailViewController.swift in Sources */ = {isa = PBXBuildFile; fileRef = F1F59D441BF151490078CA5C /* SpecialDetailViewController.swift */; };
		F1F59D471BF151780078CA5C /* SpecialTableViewCell.swift in Sources */ = {isa = PBXBuildFile; fileRef = F1F59D461BF151780078CA5C /* SpecialTableViewCell.swift */; };
		F1F59D491BF151960078CA5C /* SupportTableViewController.swift in Sources */ = {isa = PBXBuildFile; fileRef = F1F59D481BF151960078CA5C /* SupportTableViewController.swift */; };
		F1F59D4B1BF151B40078CA5C /* SupportDetailViewController.swift in Sources */ = {isa = PBXBuildFile; fileRef = F1F59D4A1BF151B40078CA5C /* SupportDetailViewController.swift */; };
		F1F59D4D1BF151D00078CA5C /* SupportTableViewCell.swift in Sources */ = {isa = PBXBuildFile; fileRef = F1F59D4C1BF151D00078CA5C /* SupportTableViewCell.swift */; };
		F1F59D4F1BF151F60078CA5C /* TravelTableViewController.swift in Sources */ = {isa = PBXBuildFile; fileRef = F1F59D4E1BF151F60078CA5C /* TravelTableViewController.swift */; };
		F1F59D511BF152110078CA5C /* TravelDetailViewController.swift in Sources */ = {isa = PBXBuildFile; fileRef = F1F59D501BF152110078CA5C /* TravelDetailViewController.swift */; };
		F1F59D531BF1522C0078CA5C /* TravelTableViewCell.swift in Sources */ = {isa = PBXBuildFile; fileRef = F1F59D521BF1522C0078CA5C /* TravelTableViewCell.swift */; };
		F1F59D6B1BF156A00078CA5C /* boutique.jpg in Resources */ = {isa = PBXBuildFile; fileRef = F1F59D551BF156A00078CA5C /* boutique.jpg */; };
		F1F59D6C1BF156A00078CA5C /* chapel.jpg in Resources */ = {isa = PBXBuildFile; fileRef = F1F59D561BF156A00078CA5C /* chapel.jpg */; };
		F1F59D6D1BF156A00078CA5C /* chemoEducation.jpg in Resources */ = {isa = PBXBuildFile; fileRef = F1F59D571BF156A00078CA5C /* chemoEducation.jpg */; };
		F1F59D6E1BF156A00078CA5C /* commonArea.jpg in Resources */ = {isa = PBXBuildFile; fileRef = F1F59D581BF156A00078CA5C /* commonArea.jpg */; };
		F1F59D6F1BF156A00078CA5C /* crushColorectal.jpg in Resources */ = {isa = PBXBuildFile; fileRef = F1F59D591BF156A00078CA5C /* crushColorectal.jpg */; };
		F1F59D701BF156A00078CA5C /* default.jpg in Resources */ = {isa = PBXBuildFile; fileRef = F1F59D5A1BF156A00078CA5C /* default.jpg */; };
		F1F59D711BF156A00078CA5C /* doctor.jpg in Resources */ = {isa = PBXBuildFile; fileRef = F1F59D5B1BF156A00078CA5C /* doctor.jpg */; };
		F1F59D721BF156A00078CA5C /* Duke Green.png in Resources */ = {isa = PBXBuildFile; fileRef = F1F59D5C1BF156A00078CA5C /* Duke Green.png */; };
		F1F59D731BF156A00078CA5C /* Duke Orange.png in Resources */ = {isa = PBXBuildFile; fileRef = F1F59D5D1BF156A00078CA5C /* Duke Orange.png */; };
		F1F59D741BF156A00078CA5C /* Duke Red.png in Resources */ = {isa = PBXBuildFile; fileRef = F1F59D5E1BF156A00078CA5C /* Duke Red.png */; };
		F1F59D751BF156A00078CA5C /* Duke Sky Blue.png in Resources */ = {isa = PBXBuildFile; fileRef = F1F59D5F1BF156A00078CA5C /* Duke Sky Blue.png */; };
		F1F59D761BF156A00078CA5C /* Duke Yellow.png in Resources */ = {isa = PBXBuildFile; fileRef = F1F59D601BF156A00078CA5C /* Duke Yellow.png */; };
		F1F59D771BF156A00078CA5C /* lawServices.jpg in Resources */ = {isa = PBXBuildFile; fileRef = F1F59D611BF156A00078CA5C /* lawServices.jpg */; };
		F1F59D781BF156A00078CA5C /* mainEntrance.jpg in Resources */ = {isa = PBXBuildFile; fileRef = F1F59D621BF156A00078CA5C /* mainEntrance.jpg */; };
		F1F59D791BF156A00078CA5C /* petTherapy.jpg in Resources */ = {isa = PBXBuildFile; fileRef = F1F59D631BF156A00078CA5C /* petTherapy.jpg */; };
		F1F59D7A1BF156A00078CA5C /* quietRoom.jpg in Resources */ = {isa = PBXBuildFile; fileRef = F1F59D641BF156A00078CA5C /* quietRoom.jpg */; };
		F1F59D7B1BF156A00078CA5C /* rooftopGarden.jpg in Resources */ = {isa = PBXBuildFile; fileRef = F1F59D651BF156A00078CA5C /* rooftopGarden.jpg */; };
		F1F59D7C1BF156A00078CA5C /* spaDay.jpg in Resources */ = {isa = PBXBuildFile; fileRef = F1F59D661BF156A00078CA5C /* spaDay.jpg */; };
		F1F59D7D1BF156A00078CA5C /* springSupport.png in Resources */ = {isa = PBXBuildFile; fileRef = F1F59D671BF156A00078CA5C /* springSupport.png */; };
		F1F59D7E1BF156A00078CA5C /* strikeoutSarcoma.png in Resources */ = {isa = PBXBuildFile; fileRef = F1F59D681BF156A00078CA5C /* strikeoutSarcoma.png */; };
		F1F59D7F1BF156A00078CA5C /* treeHope.jpg in Resources */ = {isa = PBXBuildFile; fileRef = F1F59D691BF156A00078CA5C /* treeHope.jpg */; };
		F1F59D801BF156A00078CA5C /* whiteLogo.png in Resources */ = {isa = PBXBuildFile; fileRef = F1F59D6A1BF156A00078CA5C /* whiteLogo.png */; };
		FED57ED6D10C154DE7FAE4AF /* Pods_CancerInstituteDemo.framework in Frameworks */ = {isa = PBXBuildFile; fileRef = C5AD819B0F9C33532F5E4293 /* Pods_CancerInstituteDemo.framework */; };
/* End PBXBuildFile section */

/* Begin PBXFileReference section */
		06D8B1101BB8EFE000A42ECC /* Base */ = {isa = PBXFileReference; lastKnownFileType = file.storyboard; name = Base; path = Base.lproj/Main.storyboard; sourceTree = "<group>"; };
		06D8B1121BB8F01800A42ECC /* MapController.swift */ = {isa = PBXFileReference; fileEncoding = 4; lastKnownFileType = sourcecode.swift; path = MapController.swift; sourceTree = "<group>"; };
		06D8B1141BB8F02400A42ECC /* AppointmentController.swift */ = {isa = PBXFileReference; fileEncoding = 4; lastKnownFileType = sourcecode.swift; path = AppointmentController.swift; sourceTree = "<group>"; };
		31449D711BD56272002D4C20 /* CardView.swift */ = {isa = PBXFileReference; fileEncoding = 4; lastKnownFileType = sourcecode.swift; path = CardView.swift; sourceTree = "<group>"; };
		31449D731BD5681C002D4C20 /* TodayEventCell.swift */ = {isa = PBXFileReference; fileEncoding = 4; lastKnownFileType = sourcecode.swift; path = TodayEventCell.swift; sourceTree = "<group>"; };
		318AECEE1BEAA4C3004F6E38 /* writing.jpg */ = {isa = PBXFileReference; lastKnownFileType = image.jpeg; path = writing.jpg; sourceTree = "<group>"; };
		318AECF01BEAA4C9004F6E38 /* spiritual.jpg */ = {isa = PBXFileReference; lastKnownFileType = image.jpeg; path = spiritual.jpg; sourceTree = "<group>"; };
		318AECF21BEAA4D5004F6E38 /* taichi.jpg */ = {isa = PBXFileReference; lastKnownFileType = image.jpeg; path = taichi.jpg; sourceTree = "<group>"; };
		318AECF41BEAA51B004F6E38 /* pet_therapy.jpg */ = {isa = PBXFileReference; lastKnownFileType = image.jpeg; path = pet_therapy.jpg; sourceTree = "<group>"; };
		6BF8ED8034DB39B4F8EF216F /* Pods-CancerInstituteDemo.debug.xcconfig */ = {isa = PBXFileReference; includeInIndex = 1; lastKnownFileType = text.xcconfig; name = "Pods-CancerInstituteDemo.debug.xcconfig"; path = "Pods/Target Support Files/Pods-CancerInstituteDemo/Pods-CancerInstituteDemo.debug.xcconfig"; sourceTree = "<group>"; };
		C5AD819B0F9C33532F5E4293 /* Pods_CancerInstituteDemo.framework */ = {isa = PBXFileReference; explicitFileType = wrapper.framework; includeInIndex = 0; path = Pods_CancerInstituteDemo.framework; sourceTree = BUILT_PRODUCTS_DIR; };
		EE9E4493ACC11DA87670C4DE /* Pods-CancerInstituteDemo.release.xcconfig */ = {isa = PBXFileReference; includeInIndex = 1; lastKnownFileType = text.xcconfig; name = "Pods-CancerInstituteDemo.release.xcconfig"; path = "Pods/Target Support Files/Pods-CancerInstituteDemo/Pods-CancerInstituteDemo.release.xcconfig"; sourceTree = "<group>"; };
		F11B92A91BB3652200A37EE6 /* CancerInstituteDemo.app */ = {isa = PBXFileReference; explicitFileType = wrapper.application; includeInIndex = 0; path = CancerInstituteDemo.app; sourceTree = BUILT_PRODUCTS_DIR; };
		F11B92AC1BB3652200A37EE6 /* AppDelegate.swift */ = {isa = PBXFileReference; lastKnownFileType = sourcecode.swift; path = AppDelegate.swift; sourceTree = "<group>"; };
		F11B92B51BB3652200A37EE6 /* Assets.xcassets */ = {isa = PBXFileReference; lastKnownFileType = folder.assetcatalog; path = Assets.xcassets; sourceTree = "<group>"; };
		F11B92BA1BB3652200A37EE6 /* Info.plist */ = {isa = PBXFileReference; lastKnownFileType = text.plist.xml; path = Info.plist; sourceTree = "<group>"; };
		F18C34531BF3020700D81897 /* Launch Screen.storyboard */ = {isa = PBXFileReference; fileEncoding = 4; lastKnownFileType = file.storyboard; path = "Launch Screen.storyboard"; sourceTree = "<group>"; };
		F1AF80E51BF2E27B00CDED94 /* blueGradient.jpg */ = {isa = PBXFileReference; lastKnownFileType = image.jpeg; path = blueGradient.jpg; sourceTree = "<group>"; };
		F1C0F3451BC1E9B6006A3D23 /* Resources.swift */ = {isa = PBXFileReference; fileEncoding = 4; lastKnownFileType = sourcecode.swift; path = Resources.swift; sourceTree = "<group>"; };
		F1C0F3471BC1F130006A3D23 /* MoreViewController.swift */ = {isa = PBXFileReference; fileEncoding = 4; lastKnownFileType = sourcecode.swift; path = MoreViewController.swift; sourceTree = "<group>"; };
		F1C0F3571BC20513006A3D23 /* SettingsViewController.swift */ = {isa = PBXFileReference; fileEncoding = 4; lastKnownFileType = sourcecode.swift; name = SettingsViewController.swift; path = Resources/SettingsViewController.swift; sourceTree = "<group>"; };
		F1C0F3591BC2053D006A3D23 /* CalendarViewController.swift */ = {isa = PBXFileReference; fileEncoding = 4; lastKnownFileType = sourcecode.swift; name = CalendarViewController.swift; path = Resources/CalendarViewController.swift; sourceTree = "<group>"; };
		F1C0F3611BC215D2006A3D23 /* CancerInstituteDemo-Bridging-Header.h */ = {isa = PBXFileReference; lastKnownFileType = sourcecode.c.h; path = "CancerInstituteDemo-Bridging-Header.h"; sourceTree = "<group>"; };
		F1C0F3671BC22B01006A3D23 /* ContactViewController.swift */ = {isa = PBXFileReference; fileEncoding = 4; lastKnownFileType = sourcecode.swift; path = ContactViewController.swift; sourceTree = "<group>"; };
		F1C0F3691BC22B42006A3D23 /* TodayViewController.swift */ = {isa = PBXFileReference; fileEncoding = 4; lastKnownFileType = sourcecode.swift; path = TodayViewController.swift; sourceTree = "<group>"; };
		F1F59D301BF14FC50078CA5C /* RestTableViewController.swift */ = {isa = PBXFileReference; fileEncoding = 4; lastKnownFileType = sourcecode.swift; name = RestTableViewController.swift; path = Resources/RestTableViewController.swift; sourceTree = "<group>"; };
		F1F59D321BF14FEE0078CA5C /* RestDetailViewController.swift */ = {isa = PBXFileReference; fileEncoding = 4; lastKnownFileType = sourcecode.swift; name = RestDetailViewController.swift; path = Resources/RestDetailViewController.swift; sourceTree = "<group>"; };
		F1F59D341BF1500F0078CA5C /* RestTableViewCell.swift */ = {isa = PBXFileReference; fileEncoding = 4; lastKnownFileType = sourcecode.swift; name = RestTableViewCell.swift; path = Resources/RestTableViewCell.swift; sourceTree = "<group>"; };
		F1F59D361BF1503D0078CA5C /* EducationTableViewController.swift */ = {isa = PBXFileReference; fileEncoding = 4; lastKnownFileType = sourcecode.swift; name = EducationTableViewController.swift; path = Resources/EducationTableViewController.swift; sourceTree = "<group>"; };
		F1F59D381BF150630078CA5C /* EducationDetailViewController.swift */ = {isa = PBXFileReference; fileEncoding = 4; lastKnownFileType = sourcecode.swift; name = EducationDetailViewController.swift; path = Resources/EducationDetailViewController.swift; sourceTree = "<group>"; };
		F1F59D3A1BF150890078CA5C /* EducationTableViewCell.swift */ = {isa = PBXFileReference; fileEncoding = 4; lastKnownFileType = sourcecode.swift; path = EducationTableViewCell.swift; sourceTree = "<group>"; };
		F1F59D3C1BF150AC0078CA5C /* POITableViewController.swift */ = {isa = PBXFileReference; fileEncoding = 4; lastKnownFileType = sourcecode.swift; name = POITableViewController.swift; path = Resources/POITableViewController.swift; sourceTree = "<group>"; };
		F1F59D3E1BF150CA0078CA5C /* POIDetailViewController.swift */ = {isa = PBXFileReference; fileEncoding = 4; lastKnownFileType = sourcecode.swift; name = POIDetailViewController.swift; path = Resources/POIDetailViewController.swift; sourceTree = "<group>"; };
		F1F59D401BF150E90078CA5C /* POITableViewCell.swift */ = {isa = PBXFileReference; fileEncoding = 4; lastKnownFileType = sourcecode.swift; name = POITableViewCell.swift; path = Resources/POITableViewCell.swift; sourceTree = "<group>"; };
		F1F59D421BF151290078CA5C /* SpecialTableViewController.swift */ = {isa = PBXFileReference; fileEncoding = 4; lastKnownFileType = sourcecode.swift; name = SpecialTableViewController.swift; path = Resources/SpecialTableViewController.swift; sourceTree = "<group>"; };
		F1F59D441BF151490078CA5C /* SpecialDetailViewController.swift */ = {isa = PBXFileReference; fileEncoding = 4; lastKnownFileType = sourcecode.swift; name = SpecialDetailViewController.swift; path = Resources/SpecialDetailViewController.swift; sourceTree = "<group>"; };
		F1F59D461BF151780078CA5C /* SpecialTableViewCell.swift */ = {isa = PBXFileReference; fileEncoding = 4; lastKnownFileType = sourcecode.swift; path = SpecialTableViewCell.swift; sourceTree = "<group>"; };
		F1F59D481BF151960078CA5C /* SupportTableViewController.swift */ = {isa = PBXFileReference; fileEncoding = 4; lastKnownFileType = sourcecode.swift; name = SupportTableViewController.swift; path = Resources/SupportTableViewController.swift; sourceTree = "<group>"; };
		F1F59D4A1BF151B40078CA5C /* SupportDetailViewController.swift */ = {isa = PBXFileReference; fileEncoding = 4; lastKnownFileType = sourcecode.swift; name = SupportDetailViewController.swift; path = Resources/SupportDetailViewController.swift; sourceTree = "<group>"; };
		F1F59D4C1BF151D00078CA5C /* SupportTableViewCell.swift */ = {isa = PBXFileReference; fileEncoding = 4; lastKnownFileType = sourcecode.swift; name = SupportTableViewCell.swift; path = Resources/SupportTableViewCell.swift; sourceTree = "<group>"; };
		F1F59D4E1BF151F60078CA5C /* TravelTableViewController.swift */ = {isa = PBXFileReference; fileEncoding = 4; lastKnownFileType = sourcecode.swift; name = TravelTableViewController.swift; path = Resources/TravelTableViewController.swift; sourceTree = "<group>"; };
		F1F59D501BF152110078CA5C /* TravelDetailViewController.swift */ = {isa = PBXFileReference; fileEncoding = 4; lastKnownFileType = sourcecode.swift; name = TravelDetailViewController.swift; path = Resources/TravelDetailViewController.swift; sourceTree = "<group>"; };
		F1F59D521BF1522C0078CA5C /* TravelTableViewCell.swift */ = {isa = PBXFileReference; fileEncoding = 4; lastKnownFileType = sourcecode.swift; name = TravelTableViewCell.swift; path = Resources/TravelTableViewCell.swift; sourceTree = "<group>"; };
		F1F59D551BF156A00078CA5C /* boutique.jpg */ = {isa = PBXFileReference; lastKnownFileType = image.jpeg; path = boutique.jpg; sourceTree = "<group>"; };
		F1F59D561BF156A00078CA5C /* chapel.jpg */ = {isa = PBXFileReference; lastKnownFileType = image.jpeg; path = chapel.jpg; sourceTree = "<group>"; };
		F1F59D571BF156A00078CA5C /* chemoEducation.jpg */ = {isa = PBXFileReference; lastKnownFileType = image.jpeg; path = chemoEducation.jpg; sourceTree = "<group>"; };
		F1F59D581BF156A00078CA5C /* commonArea.jpg */ = {isa = PBXFileReference; lastKnownFileType = image.jpeg; path = commonArea.jpg; sourceTree = "<group>"; };
		F1F59D591BF156A00078CA5C /* crushColorectal.jpg */ = {isa = PBXFileReference; lastKnownFileType = image.jpeg; path = crushColorectal.jpg; sourceTree = "<group>"; };
		F1F59D5A1BF156A00078CA5C /* default.jpg */ = {isa = PBXFileReference; lastKnownFileType = image.jpeg; path = default.jpg; sourceTree = "<group>"; };
		F1F59D5B1BF156A00078CA5C /* doctor.jpg */ = {isa = PBXFileReference; lastKnownFileType = image.jpeg; path = doctor.jpg; sourceTree = "<group>"; };
		F1F59D5C1BF156A00078CA5C /* Duke Green.png */ = {isa = PBXFileReference; lastKnownFileType = image.png; path = "Duke Green.png"; sourceTree = "<group>"; };
		F1F59D5D1BF156A00078CA5C /* Duke Orange.png */ = {isa = PBXFileReference; lastKnownFileType = image.png; path = "Duke Orange.png"; sourceTree = "<group>"; };
		F1F59D5E1BF156A00078CA5C /* Duke Red.png */ = {isa = PBXFileReference; lastKnownFileType = image.png; path = "Duke Red.png"; sourceTree = "<group>"; };
		F1F59D5F1BF156A00078CA5C /* Duke Sky Blue.png */ = {isa = PBXFileReference; lastKnownFileType = image.png; path = "Duke Sky Blue.png"; sourceTree = "<group>"; };
		F1F59D601BF156A00078CA5C /* Duke Yellow.png */ = {isa = PBXFileReference; lastKnownFileType = image.png; path = "Duke Yellow.png"; sourceTree = "<group>"; };
		F1F59D611BF156A00078CA5C /* lawServices.jpg */ = {isa = PBXFileReference; lastKnownFileType = image.jpeg; path = lawServices.jpg; sourceTree = "<group>"; };
		F1F59D621BF156A00078CA5C /* mainEntrance.jpg */ = {isa = PBXFileReference; lastKnownFileType = image.jpeg; path = mainEntrance.jpg; sourceTree = "<group>"; };
		F1F59D631BF156A00078CA5C /* petTherapy.jpg */ = {isa = PBXFileReference; lastKnownFileType = image.jpeg; path = petTherapy.jpg; sourceTree = "<group>"; };
		F1F59D641BF156A00078CA5C /* quietRoom.jpg */ = {isa = PBXFileReference; lastKnownFileType = image.jpeg; path = quietRoom.jpg; sourceTree = "<group>"; };
		F1F59D651BF156A00078CA5C /* rooftopGarden.jpg */ = {isa = PBXFileReference; lastKnownFileType = image.jpeg; path = rooftopGarden.jpg; sourceTree = "<group>"; };
		F1F59D661BF156A00078CA5C /* spaDay.jpg */ = {isa = PBXFileReference; lastKnownFileType = image.jpeg; path = spaDay.jpg; sourceTree = "<group>"; };
		F1F59D671BF156A00078CA5C /* springSupport.png */ = {isa = PBXFileReference; lastKnownFileType = image.png; path = springSupport.png; sourceTree = "<group>"; };
		F1F59D681BF156A00078CA5C /* strikeoutSarcoma.png */ = {isa = PBXFileReference; lastKnownFileType = image.png; path = strikeoutSarcoma.png; sourceTree = "<group>"; };
		F1F59D691BF156A00078CA5C /* treeHope.jpg */ = {isa = PBXFileReference; lastKnownFileType = image.jpeg; path = treeHope.jpg; sourceTree = "<group>"; };
		F1F59D6A1BF156A00078CA5C /* whiteLogo.png */ = {isa = PBXFileReference; lastKnownFileType = image.png; path = whiteLogo.png; sourceTree = "<group>"; };
/* End PBXFileReference section */

/* Begin PBXFrameworksBuildPhase section */
		F11B92A61BB3652200A37EE6 /* Frameworks */ = {
			isa = PBXFrameworksBuildPhase;
			buildActionMask = 2147483647;
			files = (
				FED57ED6D10C154DE7FAE4AF /* Pods_CancerInstituteDemo.framework in Frameworks */,
			);
			runOnlyForDeploymentPostprocessing = 0;
		};
/* End PBXFrameworksBuildPhase section */

/* Begin PBXGroup section */
		06609F231BD0410C00981605 /* Main */ = {
			isa = PBXGroup;
			children = (
				F11B92AC1BB3652200A37EE6 /* AppDelegate.swift */,
				06D8B10F1BB8EFE000A42ECC /* Main.storyboard */,
				31449D731BD5681C002D4C20 /* TodayEventCell.swift */,
				31449D711BD56272002D4C20 /* CardView.swift */,
			);
			name = Main;
			sourceTree = "<group>";
		};
		06609F241BD0413400981605 /* MainMenuControllers */ = {
			isa = PBXGroup;
			children = (
				06D8B1141BB8F02400A42ECC /* AppointmentController.swift */,
				F1C0F3691BC22B42006A3D23 /* TodayViewController.swift */,
				F1C0F3671BC22B01006A3D23 /* ContactViewController.swift */,
				06D8B1121BB8F01800A42ECC /* MapController.swift */,
				F1C0F3471BC1F130006A3D23 /* MoreViewController.swift */,
			);
			name = MainMenuControllers;
			sourceTree = "<group>";
		};
		31449D761BD574D6002D4C20 /* Resources */ = {
			isa = PBXGroup;
			children = (
				31449D771BD574F4002D4C20 /* Images */,
			);
			name = Resources;
			sourceTree = "<group>";
		};
		31449D771BD574F4002D4C20 /* Images */ = {
			isa = PBXGroup;
			children = (
				318AECF41BEAA51B004F6E38 /* pet_therapy.jpg */,
				318AECEE1BEAA4C3004F6E38 /* writing.jpg */,
				318AECF21BEAA4D5004F6E38 /* taichi.jpg */,
				318AECF01BEAA4C9004F6E38 /* spiritual.jpg */,
			);
			name = Images;
			sourceTree = "<group>";
		};
		41C0FB1A3F0B5755472574A3 /* Pods */ = {
			isa = PBXGroup;
			children = (
				6BF8ED8034DB39B4F8EF216F /* Pods-CancerInstituteDemo.debug.xcconfig */,
				EE9E4493ACC11DA87670C4DE /* Pods-CancerInstituteDemo.release.xcconfig */,
			);
			name = Pods;
			sourceTree = "<group>";
		};
		C029A8E3902C8FCACC67C878 /* Frameworks */ = {
			isa = PBXGroup;
			children = (
				C5AD819B0F9C33532F5E4293 /* Pods_CancerInstituteDemo.framework */,
			);
			name = Frameworks;
			sourceTree = "<group>";
		};
		F11B92A01BB3652200A37EE6 = {
			isa = PBXGroup;
			children = (
				31449D761BD574D6002D4C20 /* Resources */,
				F11B92AB1BB3652200A37EE6 /* CancerInstituteDemo */,
				F11B92AA1BB3652200A37EE6 /* Products */,
				41C0FB1A3F0B5755472574A3 /* Pods */,
				C029A8E3902C8FCACC67C878 /* Frameworks */,
			);
			sourceTree = "<group>";
		};
		F11B92AA1BB3652200A37EE6 /* Products */ = {
			isa = PBXGroup;
			children = (
				F11B92A91BB3652200A37EE6 /* CancerInstituteDemo.app */,
			);
			name = Products;
			sourceTree = "<group>";
		};
		F11B92AB1BB3652200A37EE6 /* CancerInstituteDemo */ = {
			isa = PBXGroup;
			children = (
				F11B92BA1BB3652200A37EE6 /* Info.plist */,
				F1C0F3611BC215D2006A3D23 /* CancerInstituteDemo-Bridging-Header.h */,
				F18C34531BF3020700D81897 /* Launch Screen.storyboard */,
				F11B92B51BB3652200A37EE6 /* Assets.xcassets */,
				06609F231BD0410C00981605 /* Main */,
				06609F241BD0413400981605 /* MainMenuControllers */,
				F1A96F491BD03A8D008446CE /* ResourcesControllers */,
				F1F59D541BF153780078CA5C /* Images */,
			);
			path = CancerInstituteDemo;
			sourceTree = "<group>";
		};
		F1A96F491BD03A8D008446CE /* ResourcesControllers */ = {
			isa = PBXGroup;
			children = (
				F1C0F3571BC20513006A3D23 /* SettingsViewController.swift */,
				F1C0F3591BC2053D006A3D23 /* CalendarViewController.swift */,
				F1C0F3451BC1E9B6006A3D23 /* Resources.swift */,
				F1F59D301BF14FC50078CA5C /* RestTableViewController.swift */,
				F1F59D321BF14FEE0078CA5C /* RestDetailViewController.swift */,
				F1F59D341BF1500F0078CA5C /* RestTableViewCell.swift */,
				F1F59D361BF1503D0078CA5C /* EducationTableViewController.swift */,
				F1F59D381BF150630078CA5C /* EducationDetailViewController.swift */,
				F1F59D3A1BF150890078CA5C /* EducationTableViewCell.swift */,
				F1F59D3C1BF150AC0078CA5C /* POITableViewController.swift */,
				F1F59D3E1BF150CA0078CA5C /* POIDetailViewController.swift */,
				F1F59D401BF150E90078CA5C /* POITableViewCell.swift */,
				F1F59D421BF151290078CA5C /* SpecialTableViewController.swift */,
				F1F59D441BF151490078CA5C /* SpecialDetailViewController.swift */,
				F1F59D461BF151780078CA5C /* SpecialTableViewCell.swift */,
				F1F59D481BF151960078CA5C /* SupportTableViewController.swift */,
				F1F59D4A1BF151B40078CA5C /* SupportDetailViewController.swift */,
				F1F59D4C1BF151D00078CA5C /* SupportTableViewCell.swift */,
				F1F59D4E1BF151F60078CA5C /* TravelTableViewController.swift */,
				F1F59D501BF152110078CA5C /* TravelDetailViewController.swift */,
				F1F59D521BF1522C0078CA5C /* TravelTableViewCell.swift */,
			);
			name = ResourcesControllers;
			sourceTree = "<group>";
		};
		F1F59D541BF153780078CA5C /* Images */ = {
			isa = PBXGroup;
			children = (
				F1AF80E51BF2E27B00CDED94 /* blueGradient.jpg */,
				F1F59D6A1BF156A00078CA5C /* whiteLogo.png */,
				F1F59D5C1BF156A00078CA5C /* Duke Green.png */,
				F1F59D5D1BF156A00078CA5C /* Duke Orange.png */,
				F1F59D5E1BF156A00078CA5C /* Duke Red.png */,
				F1F59D5F1BF156A00078CA5C /* Duke Sky Blue.png */,
				F1F59D601BF156A00078CA5C /* Duke Yellow.png */,
				F1F59D551BF156A00078CA5C /* boutique.jpg */,
				F1F59D561BF156A00078CA5C /* chapel.jpg */,
				F1F59D571BF156A00078CA5C /* chemoEducation.jpg */,
				F1F59D581BF156A00078CA5C /* commonArea.jpg */,
				F1F59D591BF156A00078CA5C /* crushColorectal.jpg */,
				F1F59D5A1BF156A00078CA5C /* default.jpg */,
				F1F59D5B1BF156A00078CA5C /* doctor.jpg */,
				F1F59D611BF156A00078CA5C /* lawServices.jpg */,
				F1F59D621BF156A00078CA5C /* mainEntrance.jpg */,
				F1F59D631BF156A00078CA5C /* petTherapy.jpg */,
				F1F59D641BF156A00078CA5C /* quietRoom.jpg */,
				F1F59D651BF156A00078CA5C /* rooftopGarden.jpg */,
				F1F59D661BF156A00078CA5C /* spaDay.jpg */,
				F1F59D671BF156A00078CA5C /* springSupport.png */,
				F1F59D681BF156A00078CA5C /* strikeoutSarcoma.png */,
				F1F59D691BF156A00078CA5C /* treeHope.jpg */,
			);
			name = Images;
			sourceTree = "<group>";
		};
/* End PBXGroup section */

/* Begin PBXNativeTarget section */
		F11B92A81BB3652200A37EE6 /* CancerInstituteDemo */ = {
			isa = PBXNativeTarget;
			buildConfigurationList = F11B92BD1BB3652200A37EE6 /* Build configuration list for PBXNativeTarget "CancerInstituteDemo" */;
			buildPhases = (
				57638B204B7D2BAEB7584A6E /* Check Pods Manifest.lock */,
				F11B92A51BB3652200A37EE6 /* Sources */,
				F11B92A61BB3652200A37EE6 /* Frameworks */,
				F11B92A71BB3652200A37EE6 /* Resources */,
				571E44D920F97418E1FDA99F /* Embed Pods Frameworks */,
				683C0F20710CC149107174AC /* Copy Pods Resources */,
			);
			buildRules = (
			);
			dependencies = (
			);
			name = CancerInstituteDemo;
			productName = CancerInstituteDemo;
			productReference = F11B92A91BB3652200A37EE6 /* CancerInstituteDemo.app */;
			productType = "com.apple.product-type.application";
		};
/* End PBXNativeTarget section */

/* Begin PBXProject section */
		F11B92A11BB3652200A37EE6 /* Project object */ = {
			isa = PBXProject;
			attributes = {
				LastSwiftUpdateCheck = 0700;
				LastUpgradeCheck = 0700;
				ORGANIZATIONNAME = KAG;
				TargetAttributes = {
					F11B92A81BB3652200A37EE6 = {
						CreatedOnToolsVersion = 7.0;
					};
				};
			};
			buildConfigurationList = F11B92A41BB3652200A37EE6 /* Build configuration list for PBXProject "CancerInstituteDemo" */;
			compatibilityVersion = "Xcode 3.2";
			developmentRegion = English;
			hasScannedForEncodings = 0;
			knownRegions = (
				en,
				Base,
			);
			mainGroup = F11B92A01BB3652200A37EE6;
			productRefGroup = F11B92AA1BB3652200A37EE6 /* Products */;
			projectDirPath = "";
			projectRoot = "";
			targets = (
				F11B92A81BB3652200A37EE6 /* CancerInstituteDemo */,
			);
		};
/* End PBXProject section */

/* Begin PBXResourcesBuildPhase section */
		F11B92A71BB3652200A37EE6 /* Resources */ = {
			isa = PBXResourcesBuildPhase;
			buildActionMask = 2147483647;
			files = (
				F1F59D781BF156A00078CA5C /* mainEntrance.jpg in Resources */,
				F1F59D731BF156A00078CA5C /* Duke Orange.png in Resources */,
				F1F59D6B1BF156A00078CA5C /* boutique.jpg in Resources */,
				F1F59D6E1BF156A00078CA5C /* commonArea.jpg in Resources */,
				F1F59D761BF156A00078CA5C /* Duke Yellow.png in Resources */,
				F1F59D771BF156A00078CA5C /* lawServices.jpg in Resources */,
				F1F59D741BF156A00078CA5C /* Duke Red.png in Resources */,
				F11B92B61BB3652200A37EE6 /* Assets.xcassets in Resources */,
				318AECF11BEAA4C9004F6E38 /* spiritual.jpg in Resources */,
				318AECEF1BEAA4C3004F6E38 /* writing.jpg in Resources */,
				F1AF80E61BF2E27B00CDED94 /* blueGradient.jpg in Resources */,
				F1F59D751BF156A00078CA5C /* Duke Sky Blue.png in Resources */,
				F1F59D7C1BF156A00078CA5C /* spaDay.jpg in Resources */,
				F1F59D721BF156A00078CA5C /* Duke Green.png in Resources */,
				F1F59D7E1BF156A00078CA5C /* strikeoutSarcoma.png in Resources */,
				F1F59D801BF156A00078CA5C /* whiteLogo.png in Resources */,
				318AECF51BEAA51B004F6E38 /* pet_therapy.jpg in Resources */,
				F1F59D7A1BF156A00078CA5C /* quietRoom.jpg in Resources */,
				F18C34541BF3020700D81897 /* Launch Screen.storyboard in Resources */,
				06D8B1111BB8EFE000A42ECC /* Main.storyboard in Resources */,
				F1F59D7B1BF156A00078CA5C /* rooftopGarden.jpg in Resources */,
				F1F59D791BF156A00078CA5C /* petTherapy.jpg in Resources */,
				F1F59D6F1BF156A00078CA5C /* crushColorectal.jpg in Resources */,
				F1F59D6C1BF156A00078CA5C /* chapel.jpg in Resources */,
				F1F59D7D1BF156A00078CA5C /* springSupport.png in Resources */,
				318AECF31BEAA4D5004F6E38 /* taichi.jpg in Resources */,
				F1F59D711BF156A00078CA5C /* doctor.jpg in Resources */,
				F1F59D6D1BF156A00078CA5C /* chemoEducation.jpg in Resources */,
				F1F59D701BF156A00078CA5C /* default.jpg in Resources */,
				F1F59D7F1BF156A00078CA5C /* treeHope.jpg in Resources */,
			);
			runOnlyForDeploymentPostprocessing = 0;
		};
/* End PBXResourcesBuildPhase section */

/* Begin PBXShellScriptBuildPhase section */
		571E44D920F97418E1FDA99F /* Embed Pods Frameworks */ = {
			isa = PBXShellScriptBuildPhase;
			buildActionMask = 2147483647;
			files = (
			);
			inputPaths = (
			);
			name = "Embed Pods Frameworks";
			outputPaths = (
			);
			runOnlyForDeploymentPostprocessing = 0;
			shellPath = /bin/sh;
			shellScript = "\"${SRCROOT}/Pods/Target Support Files/Pods-CancerInstituteDemo/Pods-CancerInstituteDemo-frameworks.sh\"\n";
			showEnvVarsInLog = 0;
		};
		57638B204B7D2BAEB7584A6E /* Check Pods Manifest.lock */ = {
			isa = PBXShellScriptBuildPhase;
			buildActionMask = 2147483647;
			files = (
			);
			inputPaths = (
			);
			name = "Check Pods Manifest.lock";
			outputPaths = (
			);
			runOnlyForDeploymentPostprocessing = 0;
			shellPath = /bin/sh;
			shellScript = "diff \"${PODS_ROOT}/../Podfile.lock\" \"${PODS_ROOT}/Manifest.lock\" > /dev/null\nif [[ $? != 0 ]] ; then\n    cat << EOM\nerror: The sandbox is not in sync with the Podfile.lock. Run 'pod install' or update your CocoaPods installation.\nEOM\n    exit 1\nfi\n";
			showEnvVarsInLog = 0;
		};
		683C0F20710CC149107174AC /* Copy Pods Resources */ = {
			isa = PBXShellScriptBuildPhase;
			buildActionMask = 2147483647;
			files = (
			);
			inputPaths = (
			);
			name = "Copy Pods Resources";
			outputPaths = (
			);
			runOnlyForDeploymentPostprocessing = 0;
			shellPath = /bin/sh;
			shellScript = "\"${SRCROOT}/Pods/Target Support Files/Pods-CancerInstituteDemo/Pods-CancerInstituteDemo-resources.sh\"\n";
			showEnvVarsInLog = 0;
		};
/* End PBXShellScriptBuildPhase section */

/* Begin PBXSourcesBuildPhase section */
		F11B92A51BB3652200A37EE6 /* Sources */ = {
			isa = PBXSourcesBuildPhase;
			buildActionMask = 2147483647;
			files = (
				F1C0F3681BC22B01006A3D23 /* ContactViewController.swift in Sources */,
				F1F59D311BF14FC50078CA5C /* RestTableViewController.swift in Sources */,
				F1C0F36A1BC22B42006A3D23 /* TodayViewController.swift in Sources */,
				F1F59D331BF14FEE0078CA5C /* RestDetailViewController.swift in Sources */,
				F1F59D411BF150E90078CA5C /* POITableViewCell.swift in Sources */,
				F1F59D451BF151490078CA5C /* SpecialDetailViewController.swift in Sources */,
				F1F59D491BF151960078CA5C /* SupportTableViewController.swift in Sources */,
				F1F59D371BF1503D0078CA5C /* EducationTableViewController.swift in Sources */,
				F1F59D531BF1522C0078CA5C /* TravelTableViewCell.swift in Sources */,
				31449D741BD5681C002D4C20 /* TodayEventCell.swift in Sources */,
				F1F59D4D1BF151D00078CA5C /* SupportTableViewCell.swift in Sources */,
				F1F59D511BF152110078CA5C /* TravelDetailViewController.swift in Sources */,
				06D8B1131BB8F01800A42ECC /* MapController.swift in Sources */,
				F1F59D4B1BF151B40078CA5C /* SupportDetailViewController.swift in Sources */,
				F11B92AD1BB3652200A37EE6 /* AppDelegate.swift in Sources */,
				F1F59D471BF151780078CA5C /* SpecialTableViewCell.swift in Sources */,
				F1F59D3F1BF150CA0078CA5C /* POIDetailViewController.swift in Sources */,
				31449D721BD56272002D4C20 /* CardView.swift in Sources */,
				F1C0F3481BC1F130006A3D23 /* MoreViewController.swift in Sources */,
				F1C0F3461BC1E9B6006A3D23 /* Resources.swift in Sources */,
				06D8B1151BB8F02400A42ECC /* AppointmentController.swift in Sources */,
				F1F59D4F1BF151F60078CA5C /* TravelTableViewController.swift in Sources */,
				F1F59D391BF150630078CA5C /* EducationDetailViewController.swift in Sources */,
				F1F59D351BF1500F0078CA5C /* RestTableViewCell.swift in Sources */,
				F1F59D3D1BF150AC0078CA5C /* POITableViewController.swift in Sources */,
				F1F59D431BF151290078CA5C /* SpecialTableViewController.swift in Sources */,
				F1F59D3B1BF150890078CA5C /* EducationTableViewCell.swift in Sources */,
				F1C0F3581BC20513006A3D23 /* SettingsViewController.swift in Sources */,
				F1C0F35A1BC2053D006A3D23 /* CalendarViewController.swift in Sources */,
			);
			runOnlyForDeploymentPostprocessing = 0;
		};
/* End PBXSourcesBuildPhase section */

/* Begin PBXVariantGroup section */
		06D8B10F1BB8EFE000A42ECC /* Main.storyboard */ = {
			isa = PBXVariantGroup;
			children = (
				06D8B1101BB8EFE000A42ECC /* Base */,
			);
			name = Main.storyboard;
			sourceTree = "<group>";
		};
/* End PBXVariantGroup section */

/* Begin XCBuildConfiguration section */
		F11B92BB1BB3652200A37EE6 /* Debug */ = {
			isa = XCBuildConfiguration;
			buildSettings = {
				ALWAYS_SEARCH_USER_PATHS = NO;
				CLANG_CXX_LANGUAGE_STANDARD = "gnu++0x";
				CLANG_CXX_LIBRARY = "libc++";
				CLANG_ENABLE_MODULES = YES;
				CLANG_ENABLE_OBJC_ARC = YES;
				CLANG_WARN_BOOL_CONVERSION = YES;
				CLANG_WARN_CONSTANT_CONVERSION = YES;
				CLANG_WARN_DIRECT_OBJC_ISA_USAGE = YES_ERROR;
				CLANG_WARN_EMPTY_BODY = YES;
				CLANG_WARN_ENUM_CONVERSION = YES;
				CLANG_WARN_INT_CONVERSION = YES;
				CLANG_WARN_OBJC_ROOT_CLASS = YES_ERROR;
				CLANG_WARN_UNREACHABLE_CODE = YES;
				CLANG_WARN__DUPLICATE_METHOD_MATCH = YES;
				"CODE_SIGN_IDENTITY[sdk=iphoneos*]" = "iPhone Developer";
				COPY_PHASE_STRIP = NO;
				DEBUG_INFORMATION_FORMAT = dwarf;
				ENABLE_STRICT_OBJC_MSGSEND = YES;
				ENABLE_TESTABILITY = YES;
				GCC_C_LANGUAGE_STANDARD = gnu99;
				GCC_DYNAMIC_NO_PIC = NO;
				GCC_NO_COMMON_BLOCKS = YES;
				GCC_OPTIMIZATION_LEVEL = 0;
				GCC_PREPROCESSOR_DEFINITIONS = (
					"DEBUG=1",
					"$(inherited)",
				);
				GCC_WARN_64_TO_32_BIT_CONVERSION = YES;
				GCC_WARN_ABOUT_RETURN_TYPE = YES_ERROR;
				GCC_WARN_UNDECLARED_SELECTOR = YES;
				GCC_WARN_UNINITIALIZED_AUTOS = YES_AGGRESSIVE;
				GCC_WARN_UNUSED_FUNCTION = YES;
				GCC_WARN_UNUSED_VARIABLE = YES;
				IPHONEOS_DEPLOYMENT_TARGET = 9.0;
				MTL_ENABLE_DEBUG_INFO = YES;
				ONLY_ACTIVE_ARCH = YES;
				SDKROOT = iphoneos;
				SWIFT_OPTIMIZATION_LEVEL = "-Onone";
				TARGETED_DEVICE_FAMILY = "1,2";
			};
			name = Debug;
		};
		F11B92BC1BB3652200A37EE6 /* Release */ = {
			isa = XCBuildConfiguration;
			buildSettings = {
				ALWAYS_SEARCH_USER_PATHS = NO;
				CLANG_CXX_LANGUAGE_STANDARD = "gnu++0x";
				CLANG_CXX_LIBRARY = "libc++";
				CLANG_ENABLE_MODULES = YES;
				CLANG_ENABLE_OBJC_ARC = YES;
				CLANG_WARN_BOOL_CONVERSION = YES;
				CLANG_WARN_CONSTANT_CONVERSION = YES;
				CLANG_WARN_DIRECT_OBJC_ISA_USAGE = YES_ERROR;
				CLANG_WARN_EMPTY_BODY = YES;
				CLANG_WARN_ENUM_CONVERSION = YES;
				CLANG_WARN_INT_CONVERSION = YES;
				CLANG_WARN_OBJC_ROOT_CLASS = YES_ERROR;
				CLANG_WARN_UNREACHABLE_CODE = YES;
				CLANG_WARN__DUPLICATE_METHOD_MATCH = YES;
				"CODE_SIGN_IDENTITY[sdk=iphoneos*]" = "iPhone Developer";
				COPY_PHASE_STRIP = NO;
				DEBUG_INFORMATION_FORMAT = "dwarf-with-dsym";
				ENABLE_NS_ASSERTIONS = NO;
				ENABLE_STRICT_OBJC_MSGSEND = YES;
				GCC_C_LANGUAGE_STANDARD = gnu99;
				GCC_NO_COMMON_BLOCKS = YES;
				GCC_WARN_64_TO_32_BIT_CONVERSION = YES;
				GCC_WARN_ABOUT_RETURN_TYPE = YES_ERROR;
				GCC_WARN_UNDECLARED_SELECTOR = YES;
				GCC_WARN_UNINITIALIZED_AUTOS = YES_AGGRESSIVE;
				GCC_WARN_UNUSED_FUNCTION = YES;
				GCC_WARN_UNUSED_VARIABLE = YES;
				IPHONEOS_DEPLOYMENT_TARGET = 9.0;
				MTL_ENABLE_DEBUG_INFO = NO;
				SDKROOT = iphoneos;
				TARGETED_DEVICE_FAMILY = "1,2";
				VALIDATE_PRODUCT = YES;
			};
			name = Release;
		};
		F11B92BE1BB3652200A37EE6 /* Debug */ = {
			isa = XCBuildConfiguration;
			baseConfigurationReference = 6BF8ED8034DB39B4F8EF216F /* Pods-CancerInstituteDemo.debug.xcconfig */;
			buildSettings = {
				ASSETCATALOG_COMPILER_APPICON_NAME = AppIcon;
				CLANG_ENABLE_MODULES = YES;
				INFOPLIST_FILE = CancerInstituteDemo/Info.plist;
				LD_RUNPATH_SEARCH_PATHS = "$(inherited) @executable_path/Frameworks";
				PRODUCT_BUNDLE_IDENTIFIER = com.kag.CancerInstituteDemo;
				PRODUCT_NAME = CancerInstituteDemo;
				SWIFT_OBJC_BRIDGING_HEADER = "CancerInstituteDemo/CancerInstituteDemo-Bridging-Header.h";
				SWIFT_OPTIMIZATION_LEVEL = "-Onone";
			};
			name = Debug;
		};
		F11B92BF1BB3652200A37EE6 /* Release */ = {
			isa = XCBuildConfiguration;
			baseConfigurationReference = EE9E4493ACC11DA87670C4DE /* Pods-CancerInstituteDemo.release.xcconfig */;
			buildSettings = {
				ASSETCATALOG_COMPILER_APPICON_NAME = AppIcon;
				CLANG_ENABLE_MODULES = YES;
				INFOPLIST_FILE = CancerInstituteDemo/Info.plist;
				LD_RUNPATH_SEARCH_PATHS = "$(inherited) @executable_path/Frameworks";
				PRODUCT_BUNDLE_IDENTIFIER = com.kag.CancerInstituteDemo;
				PRODUCT_NAME = CancerInstituteDemo;
				SWIFT_OBJC_BRIDGING_HEADER = "CancerInstituteDemo/CancerInstituteDemo-Bridging-Header.h";
			};
			name = Release;
		};
/* End XCBuildConfiguration section */

/* Begin XCConfigurationList section */
		F11B92A41BB3652200A37EE6 /* Build configuration list for PBXProject "CancerInstituteDemo" */ = {
			isa = XCConfigurationList;
			buildConfigurations = (
				F11B92BB1BB3652200A37EE6 /* Debug */,
				F11B92BC1BB3652200A37EE6 /* Release */,
			);
			defaultConfigurationIsVisible = 0;
			defaultConfigurationName = Release;
		};
		F11B92BD1BB3652200A37EE6 /* Build configuration list for PBXNativeTarget "CancerInstituteDemo" */ = {
			isa = XCConfigurationList;
			buildConfigurations = (
				F11B92BE1BB3652200A37EE6 /* Debug */,
				F11B92BF1BB3652200A37EE6 /* Release */,
			);
			defaultConfigurationIsVisible = 0;
			defaultConfigurationName = Release;
		};
/* End XCConfigurationList section */
	};
	rootObject = F11B92A11BB3652200A37EE6 /* Project object */;
}
